
Microsoft Visual Studio Solution File, Format Version 12.00
# Visual Studio Version 17
VisualStudioVersion = 17.7.34202.233
MinimumVisualStudioVersion = 10.0.40219.1
Project("{FAE04EC0-301F-11D3-BF4B-00C04F79EFBC}") = "Logging_App", "Logging_App\Logging_App.csproj", "{4798C3AF-8720-49C8-9A45-284B69620CA4}"
EndProject
Project("{FAE04EC0-301F-11D3-BF4B-00C04F79EFBC}") = "Logging_Testing", "Logging_Testing\Logging_Testing.csproj", "{BFC45814-5ACF-4C67-ADBB-C6BF161D7904}"
EndProject
Global
	GlobalSection(SolutionConfigurationPlatforms) = preSolution
		Debug|Any CPU = Debug|Any CPU
		Release|Any CPU = Release|Any CPU
	EndGlobalSection
	GlobalSection(ProjectConfigurationPlatforms) = postSolution
		{4798C3AF-8720-49C8-9A45-284B69620CA4}.Debug|Any CPU.ActiveCfg = Debug|Any CPU
		{4798C3AF-8720-49C8-9A45-284B69620CA4}.Debug|Any CPU.Build.0 = Debug|Any CPU
		{4798C3AF-8720-49C8-9A45-284B69620CA4}.Release|Any CPU.ActiveCfg = Release|Any CPU
		{4798C3AF-8720-49C8-9A45-284B69620CA4}.Release|Any CPU.Build.0 = Release|Any CPU
		{BFC45814-5ACF-4C67-ADBB-C6BF161D7904}.Debug|Any CPU.ActiveCfg = Debug|Any CPU
		{BFC45814-5ACF-4C67-ADBB-C6BF161D7904}.Debug|Any CPU.Build.0 = Debug|Any CPU
		{BFC45814-5ACF-4C67-ADBB-C6BF161D7904}.Release|Any CPU.ActiveCfg = Release|Any CPU
		{BFC45814-5ACF-4C67-ADBB-C6BF161D7904}.Release|Any CPU.Build.0 = Release|Any CPU
	EndGlobalSection
	GlobalSection(SolutionProperties) = preSolution
		HideSolutionNode = FALSE
	EndGlobalSection
	GlobalSection(ExtensibilityGlobals) = postSolution
		SolutionGuid = {7A391BB4-F148-45B1-BF91-98A525643C9F}
	EndGlobalSection
EndGlobal
