
Microsoft Visual Studio Solution File, Format Version 12.00
# Visual Studio Version 17
VisualStudioVersion = 17.7.34202.233
MinimumVisualStudioVersion = 10.0.40219.1
Project("{FAE04EC0-301F-11D3-BF4B-00C04F79EFBC}") = "DataAccessLibraryCraftVerify", "DataAccessLibraryCraftVerify.csproj", "{0A254DBF-91D1-440A-9E0C-6150B57A0E21}"
EndProject
Global
	GlobalSection(SolutionConfigurationPlatforms) = preSolution
		Debug|Any CPU = Debug|Any CPU
		Release|Any CPU = Release|Any CPU
	EndGlobalSection
	GlobalSection(ProjectConfigurationPlatforms) = postSolution
		{0A254DBF-91D1-440A-9E0C-6150B57A0E21}.Debug|Any CPU.ActiveCfg = Debug|Any CPU
		{0A254DBF-91D1-440A-9E0C-6150B57A0E21}.Debug|Any CPU.Build.0 = Debug|Any CPU
		{0A254DBF-91D1-440A-9E0C-6150B57A0E21}.Release|Any CPU.ActiveCfg = Release|Any CPU
		{0A254DBF-91D1-440A-9E0C-6150B57A0E21}.Release|Any CPU.Build.0 = Release|Any CPU
	EndGlobalSection
	GlobalSection(SolutionProperties) = preSolution
		HideSolutionNode = FALSE
	EndGlobalSection
	GlobalSection(ExtensibilityGlobals) = postSolution
		SolutionGuid = {F18A8670-B53A-451D-BC1B-82910B755A99}
	EndGlobalSection
EndGlobal
